lockfileVersion: "9.0"

settings:
  autoInstallPeers: true
  excludeLinksFromLockfile: false

importers:
  .:
    dependencies:
      node-gyp:
        specifier: 10.0.0
        version: 10.0.0

packages:
  node-gyp@10.0.0:
    resolution:
      integrity: sha512-fixture-benign-pnpm-not-a-real-sri
    engines:
      node: ">=16"
    hasBin: true

snapshots:
  node-gyp@10.0.0: {}
